github.com/kanakamharika/dog v0.0.0-20240529053150-2603763849dc h1:gX7XuoTjNe2YhIRAf6MRmgD6Ccvssmm7I5g5+RZfw0Q=
github.com/kanakamharika/dog v0.0.0-20240529053150-2603763849dc/go.mod h1:AlDunckZY5PD3r2Ur2FC9Yzko2z0nZceJhd5MMmAims=
github.com/kanakamharika/puppy v0.0.0-20240529045503-ef48226c7cc1 h1:L5UbVSEiPdZTP6N/pfYSgNP5pOUn34unWLJkdMbpxfQ=
github.com/kanakamharika/puppy v0.0.0-20240529045503-ef48226c7cc1/go.mod h1:4fTNoty5FTD76W/VNtNLxc0AwyAroBEIzIOvuJiJzk0=
github.com/kanakamharika/puppy v0.0.0-20240529053921-f07d75741ca9 h1:H6EGaRbyEH+e7Hb/itPKhmveVLVc95FTC0TxH2GxWdI=
github.com/kanakamharika/puppy v0.0.0-20240529053921-f07d75741ca9/go.mod h1:WM7O4LYWY3sjyJ7Wa3yNGz2iYakEFx3umLcFIsdSeQg=
